// !$*UTF8*$!
{
	archiveVersion = 1;
	classes = {
	};
	objectVersion = 50;
	objects = {

/* Begin PBXBuildFile section */
		2E159609EC39CD138280D2F5 /* Pods_Grove_SupportUITests.framework in Frameworks */ = {isa = PBXBuildFile; fileRef = 6B64D9ADAA6A091C464E2BA4 /* Pods_Grove_SupportUITests.framework */; };
		4CF6FF73BE1AC018E44FCE94 /* Pods_Grove_SupportTests.framework in Frameworks */ = {isa = PBXBuildFile; fileRef = 48EFF298F307221976D62367 /* Pods_Grove_SupportTests.framework */; };
		71F7912B8651885C83134B88 /* Pods_Grove_Support.framework in Frameworks */ = {isa = PBXBuildFile; fileRef = 13634D73C6C95718008984F6 /* Pods_Grove_Support.framework */; };
		FC096DE222AF28890038BB7E /* AppDelegate.swift in Sources */ = {isa = PBXBuildFile; fileRef = FC096DE122AF28890038BB7E /* AppDelegate.swift */; };
		FC096DE422AF28890038BB7E /* HomeViewController.swift in Sources */ = {isa = PBXBuildFile; fileRef = FC096DE322AF28890038BB7E /* HomeViewController.swift */; };
		FC096DE622AF28890038BB7E /* MapViewController.swift in Sources */ = {isa = PBXBuildFile; fileRef = FC096DE522AF28890038BB7E /* MapViewController.swift */; };
		FC096DE922AF28890038BB7E /* Main.storyboard in Resources */ = {isa = PBXBuildFile; fileRef = FC096DE722AF28890038BB7E /* Main.storyboard */; };
		FC096DEB22AF288B0038BB7E /* Assets.xcassets in Resources */ = {isa = PBXBuildFile; fileRef = FC096DEA22AF288B0038BB7E /* Assets.xcassets */; };
		FC096DEE22AF288B0038BB7E /* LaunchScreen.storyboard in Resources */ = {isa = PBXBuildFile; fileRef = FC096DEC22AF288B0038BB7E /* LaunchScreen.storyboard */; };
		FC096DF922AF288B0038BB7E /* Grove_SupportTests.swift in Sources */ = {isa = PBXBuildFile; fileRef = FC096DF822AF288B0038BB7E /* Grove_SupportTests.swift */; };
		FC096E0422AF288B0038BB7E /* Grove_SupportUITests.swift in Sources */ = {isa = PBXBuildFile; fileRef = FC096E0322AF288B0038BB7E /* Grove_SupportUITests.swift */; };
		FC096E1222B0AABC0038BB7E /* RoundRectButton.swift in Sources */ = {isa = PBXBuildFile; fileRef = FC096E1122B0AABC0038BB7E /* RoundRectButton.swift */; };
		FCA3A15A22B4BF5200F5F3D8 /* WebViewController.swift in Sources */ = {isa = PBXBuildFile; fileRef = FCA3A15922B4BF5200F5F3D8 /* WebViewController.swift */; };
		FCA3A15C22B5486D00F5F3D8 /* TicketViewController.swift in Sources */ = {isa = PBXBuildFile; fileRef = FCA3A15B22B5486D00F5F3D8 /* TicketViewController.swift */; };
		FCA3A15E22B5491800F5F3D8 /* reload.html in Resources */ = {isa = PBXBuildFile; fileRef = FCA3A15D22B5491800F5F3D8 /* reload.html */; };
		FCA3A16022B54A5E00F5F3D8 /* spinnerbar.gif in Resources */ = {isa = PBXBuildFile; fileRef = FCA3A15F22B54A5E00F5F3D8 /* spinnerbar.gif */; };
		FCA3A16322B54E9600F5F3D8 /* common.js in Resources */ = {isa = PBXBuildFile; fileRef = FCA3A16222B54E9600F5F3D8 /* common.js */; };
		FCA3A16522B54EC400F5F3D8 /* common.css in Resources */ = {isa = PBXBuildFile; fileRef = FCA3A16422B54EC400F5F3D8 /* common.css */; };
		FCB05E5622B55DCE0046479E /* libc++.tbd in Frameworks */ = {isa = PBXBuildFile; fileRef = FCB05E5522B55DCE0046479E /* libc++.tbd */; };
		FCB05E5822B55DD80046479E /* libz.tbd in Frameworks */ = {isa = PBXBuildFile; fileRef = FCB05E5722B55DD80046479E /* libz.tbd */; };
		FCB21FF122B342D500EED086 /* WebKit.framework in Frameworks */ = {isa = PBXBuildFile; fileRef = FCB21FF022B342D400EED086 /* WebKit.framework */; };
		FCB21FF222B342EC00EED086 /* FeedItemWebViewController.swift in Sources */ = {isa = PBXBuildFile; fileRef = FCB21FEC22B341D100EED086 /* FeedItemWebViewController.swift */; };
		FCB21FF322B342EC00EED086 /* FeedListViewController.swift in Sources */ = {isa = PBXBuildFile; fileRef = FCB21FED22B341D100EED086 /* FeedListViewController.swift */; };
		FCB21FF422B342EC00EED086 /* XmlParserManager.swift in Sources */ = {isa = PBXBuildFile; fileRef = FCB21FEE22B341D100EED086 /* XmlParserManager.swift */; };
		FCB21FF622B3DDEF00EED086 /* TopBarViewController.swift in Sources */ = {isa = PBXBuildFile; fileRef = FCB21FF522B3DDEF00EED086 /* TopBarViewController.swift */; };
/* End PBXBuildFile section */

/* Begin PBXContainerItemProxy section */
		FC096DF522AF288B0038BB7E /* PBXContainerItemProxy */ = {
			isa = PBXContainerItemProxy;
			containerPortal = FC096DD622AF28890038BB7E /* Project object */;
			proxyType = 1;
			remoteGlobalIDString = FC096DDD22AF28890038BB7E;
			remoteInfo = "Grove Support";
		};
		FC096E0022AF288B0038BB7E /* PBXContainerItemProxy */ = {
			isa = PBXContainerItemProxy;
			containerPortal = FC096DD622AF28890038BB7E /* Project object */;
			proxyType = 1;
			remoteGlobalIDString = FC096DDD22AF28890038BB7E;
			remoteInfo = "Grove Support";
		};
/* End PBXContainerItemProxy section */

/* Begin PBXFileReference section */
		13634D73C6C95718008984F6 /* Pods_Grove_Support.framework */ = {isa = PBXFileReference; explicitFileType = wrapper.framework; includeInIndex = 0; path = Pods_Grove_Support.framework; sourceTree = BUILT_PRODUCTS_DIR; };
		2E90622C05A7EA1820409D7D /* Pods-Grove SupportTests.debug.xcconfig */ = {isa = PBXFileReference; includeInIndex = 1; lastKnownFileType = text.xcconfig; name = "Pods-Grove SupportTests.debug.xcconfig"; path = "Target Support Files/Pods-Grove SupportTests/Pods-Grove SupportTests.debug.xcconfig"; sourceTree = "<group>"; };
		48EFF298F307221976D62367 /* Pods_Grove_SupportTests.framework */ = {isa = PBXFileReference; explicitFileType = wrapper.framework; includeInIndex = 0; path = Pods_Grove_SupportTests.framework; sourceTree = BUILT_PRODUCTS_DIR; };
		59BC0A0207321DED68D665FE /* Pods-Grove SupportTests.release.xcconfig */ = {isa = PBXFileReference; includeInIndex = 1; lastKnownFileType = text.xcconfig; name = "Pods-Grove SupportTests.release.xcconfig"; path = "Target Support Files/Pods-Grove SupportTests/Pods-Grove SupportTests.release.xcconfig"; sourceTree = "<group>"; };
		6B64D9ADAA6A091C464E2BA4 /* Pods_Grove_SupportUITests.framework */ = {isa = PBXFileReference; explicitFileType = wrapper.framework; includeInIndex = 0; path = Pods_Grove_SupportUITests.framework; sourceTree = BUILT_PRODUCTS_DIR; };
		7D61C0DCA196E3D3722F9303 /* Pods-Grove Support.debug.xcconfig */ = {isa = PBXFileReference; includeInIndex = 1; lastKnownFileType = text.xcconfig; name = "Pods-Grove Support.debug.xcconfig"; path = "Target Support Files/Pods-Grove Support/Pods-Grove Support.debug.xcconfig"; sourceTree = "<group>"; };
		8BC3003547465B6689B046D8 /* Pods-Grove SupportUITests.release.xcconfig */ = {isa = PBXFileReference; includeInIndex = 1; lastKnownFileType = text.xcconfig; name = "Pods-Grove SupportUITests.release.xcconfig"; path = "Target Support Files/Pods-Grove SupportUITests/Pods-Grove SupportUITests.release.xcconfig"; sourceTree = "<group>"; };
		C8A54D37C0F837CD85FC7BF5 /* Pods-Grove SupportUITests.debug.xcconfig */ = {isa = PBXFileReference; includeInIndex = 1; lastKnownFileType = text.xcconfig; name = "Pods-Grove SupportUITests.debug.xcconfig"; path = "Target Support Files/Pods-Grove SupportUITests/Pods-Grove SupportUITests.debug.xcconfig"; sourceTree = "<group>"; };
		CC9CBE950523A6BCB5F2C397 /* Pods-Grove Support.release.xcconfig */ = {isa = PBXFileReference; includeInIndex = 1; lastKnownFileType = text.xcconfig; name = "Pods-Grove Support.release.xcconfig"; path = "Target Support Files/Pods-Grove Support/Pods-Grove Support.release.xcconfig"; sourceTree = "<group>"; };
		FC096DDE22AF28890038BB7E /* Grove Support.app */ = {isa = PBXFileReference; explicitFileType = wrapper.application; includeInIndex = 0; path = "Grove Support.app"; sourceTree = BUILT_PRODUCTS_DIR; };
		FC096DE122AF28890038BB7E /* AppDelegate.swift */ = {isa = PBXFileReference; lastKnownFileType = sourcecode.swift; path = AppDelegate.swift; sourceTree = "<group>"; };
		FC096DE322AF28890038BB7E /* HomeViewController.swift */ = {isa = PBXFileReference; lastKnownFileType = sourcecode.swift; path = HomeViewController.swift; sourceTree = "<group>"; };
		FC096DE522AF28890038BB7E /* MapViewController.swift */ = {isa = PBXFileReference; lastKnownFileType = sourcecode.swift; path = MapViewController.swift; sourceTree = "<group>"; };
		FC096DE822AF28890038BB7E /* Base */ = {isa = PBXFileReference; lastKnownFileType = file.storyboard; name = Base; path = Base.lproj/Main.storyboard; sourceTree = "<group>"; };
		FC096DEA22AF288B0038BB7E /* Assets.xcassets */ = {isa = PBXFileReference; lastKnownFileType = folder.assetcatalog; path = Assets.xcassets; sourceTree = "<group>"; };
		FC096DED22AF288B0038BB7E /* Base */ = {isa = PBXFileReference; lastKnownFileType = file.storyboard; name = Base; path = Base.lproj/LaunchScreen.storyboard; sourceTree = "<group>"; };
		FC096DEF22AF288B0038BB7E /* Info.plist */ = {isa = PBXFileReference; lastKnownFileType = text.plist.xml; path = Info.plist; sourceTree = "<group>"; };
		FC096DF422AF288B0038BB7E /* Grove SupportTests.xctest */ = {isa = PBXFileReference; explicitFileType = wrapper.cfbundle; includeInIndex = 0; path = "Grove SupportTests.xctest"; sourceTree = BUILT_PRODUCTS_DIR; };
		FC096DF822AF288B0038BB7E /* Grove_SupportTests.swift */ = {isa = PBXFileReference; lastKnownFileType = sourcecode.swift; path = Grove_SupportTests.swift; sourceTree = "<group>"; };
		FC096DFA22AF288B0038BB7E /* Info.plist */ = {isa = PBXFileReference; lastKnownFileType = text.plist.xml; path = Info.plist; sourceTree = "<group>"; };
		FC096DFF22AF288B0038BB7E /* Grove SupportUITests.xctest */ = {isa = PBXFileReference; explicitFileType = wrapper.cfbundle; includeInIndex = 0; path = "Grove SupportUITests.xctest"; sourceTree = BUILT_PRODUCTS_DIR; };
		FC096E0322AF288B0038BB7E /* Grove_SupportUITests.swift */ = {isa = PBXFileReference; lastKnownFileType = sourcecode.swift; path = Grove_SupportUITests.swift; sourceTree = "<group>"; };
		FC096E0522AF288B0038BB7E /* Info.plist */ = {isa = PBXFileReference; lastKnownFileType = text.plist.xml; path = Info.plist; sourceTree = "<group>"; };
		FC096E1122B0AABC0038BB7E /* RoundRectButton.swift */ = {isa = PBXFileReference; lastKnownFileType = sourcecode.swift; path = RoundRectButton.swift; sourceTree = "<group>"; };
		FCA3A15922B4BF5200F5F3D8 /* WebViewController.swift */ = {isa = PBXFileReference; lastKnownFileType = sourcecode.swift; path = WebViewController.swift; sourceTree = "<group>"; };
		FCA3A15B22B5486D00F5F3D8 /* TicketViewController.swift */ = {isa = PBXFileReference; lastKnownFileType = sourcecode.swift; path = TicketViewController.swift; sourceTree = "<group>"; };
		FCA3A15D22B5491800F5F3D8 /* reload.html */ = {isa = PBXFileReference; fileEncoding = 4; lastKnownFileType = text.html; path = reload.html; sourceTree = "<group>"; };
		FCA3A15F22B54A5E00F5F3D8 /* spinnerbar.gif */ = {isa = PBXFileReference; lastKnownFileType = image.gif; path = spinnerbar.gif; sourceTree = "<group>"; };
		FCA3A16222B54E9600F5F3D8 /* common.js */ = {isa = PBXFileReference; lastKnownFileType = sourcecode.javascript; path = common.js; sourceTree = "<group>"; };
		FCA3A16422B54EC400F5F3D8 /* common.css */ = {isa = PBXFileReference; lastKnownFileType = text.css; path = common.css; sourceTree = "<group>"; };
		FCB05E5522B55DCE0046479E /* libc++.tbd */ = {isa = PBXFileReference; lastKnownFileType = "sourcecode.text-based-dylib-definition"; name = "libc++.tbd"; path = "usr/lib/libc++.tbd"; sourceTree = SDKROOT; };
		FCB05E5722B55DD80046479E /* libz.tbd */ = {isa = PBXFileReference; lastKnownFileType = "sourcecode.text-based-dylib-definition"; name = libz.tbd; path = usr/lib/libz.tbd; sourceTree = SDKROOT; };
		FCB05E5922B55E4A0046479E /* Grove Support.entitlements */ = {isa = PBXFileReference; lastKnownFileType = text.plist.entitlements; path = "Grove Support.entitlements"; sourceTree = "<group>"; };
		FCB21FEC22B341D100EED086 /* FeedItemWebViewController.swift */ = {isa = PBXFileReference; lastKnownFileType = sourcecode.swift; path = FeedItemWebViewController.swift; sourceTree = "<group>"; };
		FCB21FED22B341D100EED086 /* FeedListViewController.swift */ = {isa = PBXFileReference; lastKnownFileType = sourcecode.swift; path = FeedListViewController.swift; sourceTree = "<group>"; };
		FCB21FEE22B341D100EED086 /* XmlParserManager.swift */ = {isa = PBXFileReference; lastKnownFileType = sourcecode.swift; path = XmlParserManager.swift; sourceTree = "<group>"; };
		FCB21FF022B342D400EED086 /* WebKit.framework */ = {isa = PBXFileReference; lastKnownFileType = wrapper.framework; name = WebKit.framework; path = System/Library/Frameworks/WebKit.framework; sourceTree = SDKROOT; };
		FCB21FF522B3DDEF00EED086 /* TopBarViewController.swift */ = {isa = PBXFileReference; lastKnownFileType = sourcecode.swift; path = TopBarViewController.swift; sourceTree = "<group>"; };
/* End PBXFileReference section */

/* Begin PBXFrameworksBuildPhase section */
		FC096DDB22AF28890038BB7E /* Frameworks */ = {
			isa = PBXFrameworksBuildPhase;
			buildActionMask = 2147483647;
			files = (
				FCB05E5822B55DD80046479E /* libz.tbd in Frameworks */,
				FCB05E5622B55DCE0046479E /* libc++.tbd in Frameworks */,
				FCB21FF122B342D500EED086 /* WebKit.framework in Frameworks */,
				71F7912B8651885C83134B88 /* Pods_Grove_Support.framework in Frameworks */,
			);
			runOnlyForDeploymentPostprocessing = 0;
		};
		FC096DF122AF288B0038BB7E /* Frameworks */ = {
			isa = PBXFrameworksBuildPhase;
			buildActionMask = 2147483647;
			files = (
				4CF6FF73BE1AC018E44FCE94 /* Pods_Grove_SupportTests.framework in Frameworks */,
			);
			runOnlyForDeploymentPostprocessing = 0;
		};
		FC096DFC22AF288B0038BB7E /* Frameworks */ = {
			isa = PBXFrameworksBuildPhase;
			buildActionMask = 2147483647;
			files = (
				2E159609EC39CD138280D2F5 /* Pods_Grove_SupportUITests.framework in Frameworks */,
			);
			runOnlyForDeploymentPostprocessing = 0;
		};
/* End PBXFrameworksBuildPhase section */

/* Begin PBXGroup section */
		7606CA6BF991D7B0F810AB32 /* Pods */ = {
			isa = PBXGroup;
			children = (
				7D61C0DCA196E3D3722F9303 /* Pods-Grove Support.debug.xcconfig */,
				CC9CBE950523A6BCB5F2C397 /* Pods-Grove Support.release.xcconfig */,
				2E90622C05A7EA1820409D7D /* Pods-Grove SupportTests.debug.xcconfig */,
				59BC0A0207321DED68D665FE /* Pods-Grove SupportTests.release.xcconfig */,
				C8A54D37C0F837CD85FC7BF5 /* Pods-Grove SupportUITests.debug.xcconfig */,
				8BC3003547465B6689B046D8 /* Pods-Grove SupportUITests.release.xcconfig */,
			);
			path = Pods;
			sourceTree = "<group>";
		};
		FC096DD522AF28890038BB7E = {
			isa = PBXGroup;
			children = (
				FC096DE022AF28890038BB7E /* Grove Support */,
				FC096DF722AF288B0038BB7E /* Grove SupportTests */,
				FC096E0222AF288B0038BB7E /* Grove SupportUITests */,
				FC096DDF22AF28890038BB7E /* Products */,
				FCB21FEF22B342D400EED086 /* Frameworks */,
				7606CA6BF991D7B0F810AB32 /* Pods */,
			);
			sourceTree = "<group>";
		};
		FC096DDF22AF28890038BB7E /* Products */ = {
			isa = PBXGroup;
			children = (
				FC096DDE22AF28890038BB7E /* Grove Support.app */,
				FC096DF422AF288B0038BB7E /* Grove SupportTests.xctest */,
				FC096DFF22AF288B0038BB7E /* Grove SupportUITests.xctest */,
			);
			name = Products;
			sourceTree = "<group>";
		};
		FC096DE022AF28890038BB7E /* Grove Support */ = {
			isa = PBXGroup;
			children = (
				FCB05E5922B55E4A0046479E /* Grove Support.entitlements */,
				FC096DE122AF28890038BB7E /* AppDelegate.swift */,
				FC096DE322AF28890038BB7E /* HomeViewController.swift */,
				FC096DE522AF28890038BB7E /* MapViewController.swift */,
				FCA3A15922B4BF5200F5F3D8 /* WebViewController.swift */,
				FCA3A15B22B5486D00F5F3D8 /* TicketViewController.swift */,
				FCB21FF522B3DDEF00EED086 /* TopBarViewController.swift */,
				FC096E1122B0AABC0038BB7E /* RoundRectButton.swift */,
				FCB21FEB22B341C800EED086 /* Feed */,
				FCA3A16122B54E7000F5F3D8 /* HTML Files */,
				FC096DEA22AF288B0038BB7E /* Assets.xcassets */,
				FC096DE722AF28890038BB7E /* Main.storyboard */,
				FC096DEC22AF288B0038BB7E /* LaunchScreen.storyboard */,
				FC096DEF22AF288B0038BB7E /* Info.plist */,
			);
			path = "Grove Support";
			sourceTree = "<group>";
		};
		FC096DF722AF288B0038BB7E /* Grove SupportTests */ = {
			isa = PBXGroup;
			children = (
				FC096DF822AF288B0038BB7E /* Grove_SupportTests.swift */,
				FC096DFA22AF288B0038BB7E /* Info.plist */,
			);
			path = "Grove SupportTests";
			sourceTree = "<group>";
		};
		FC096E0222AF288B0038BB7E /* Grove SupportUITests */ = {
			isa = PBXGroup;
			children = (
				FC096E0322AF288B0038BB7E /* Grove_SupportUITests.swift */,
				FC096E0522AF288B0038BB7E /* Info.plist */,
			);
			path = "Grove SupportUITests";
			sourceTree = "<group>";
		};
		FCA3A16122B54E7000F5F3D8 /* HTML Files */ = {
			isa = PBXGroup;
			children = (
				FCA3A16222B54E9600F5F3D8 /* common.js */,
				FCA3A16422B54EC400F5F3D8 /* common.css */,
				FCA3A15F22B54A5E00F5F3D8 /* spinnerbar.gif */,
				FCA3A15D22B5491800F5F3D8 /* reload.html */,
			);
			path = "HTML Files";
			sourceTree = "<group>";
		};
		FCB21FEB22B341C800EED086 /* Feed */ = {
			isa = PBXGroup;
			children = (
				FCB21FEC22B341D100EED086 /* FeedItemWebViewController.swift */,
				FCB21FED22B341D100EED086 /* FeedListViewController.swift */,
				FCB21FEE22B341D100EED086 /* XmlParserManager.swift */,
			);
			path = Feed;
			sourceTree = "<group>";
		};
		FCB21FEF22B342D400EED086 /* Frameworks */ = {
			isa = PBXGroup;
			children = (
				FCB05E5722B55DD80046479E /* libz.tbd */,
				FCB05E5522B55DCE0046479E /* libc++.tbd */,
				FCB21FF022B342D400EED086 /* WebKit.framework */,
				13634D73C6C95718008984F6 /* Pods_Grove_Support.framework */,
				48EFF298F307221976D62367 /* Pods_Grove_SupportTests.framework */,
				6B64D9ADAA6A091C464E2BA4 /* Pods_Grove_SupportUITests.framework */,
			);
			name = Frameworks;
			sourceTree = "<group>";
		};
/* End PBXGroup section */

/* Begin PBXNativeTarget section */
		FC096DDD22AF28890038BB7E /* Grove Support */ = {
			isa = PBXNativeTarget;
			buildConfigurationList = FC096E0822AF288B0038BB7E /* Build configuration list for PBXNativeTarget "Grove Support" */;
			buildPhases = (
				07C0D854B25CFB464B33E2BB /* [CP] Check Pods Manifest.lock */,
				FC096DDA22AF28890038BB7E /* Sources */,
				FC096DDB22AF28890038BB7E /* Frameworks */,
				FC096DDC22AF28890038BB7E /* Resources */,
			);
			buildRules = (
			);
			dependencies = (
			);
			name = "Grove Support";
			productName = "Grove Support";
			productReference = FC096DDE22AF28890038BB7E /* Grove Support.app */;
			productType = "com.apple.product-type.application";
		};
		FC096DF322AF288B0038BB7E /* Grove SupportTests */ = {
			isa = PBXNativeTarget;
			buildConfigurationList = FC096E0B22AF288B0038BB7E /* Build configuration list for PBXNativeTarget "Grove SupportTests" */;
			buildPhases = (
				A360BD0512ECBF9538EDB5CB /* [CP] Check Pods Manifest.lock */,
				FC096DF022AF288B0038BB7E /* Sources */,
				FC096DF122AF288B0038BB7E /* Frameworks */,
				FC096DF222AF288B0038BB7E /* Resources */,
			);
			buildRules = (
			);
			dependencies = (
				FC096DF622AF288B0038BB7E /* PBXTargetDependency */,
			);
			name = "Grove SupportTests";
			productName = "Grove SupportTests";
			productReference = FC096DF422AF288B0038BB7E /* Grove SupportTests.xctest */;
			productType = "com.apple.product-type.bundle.unit-test";
		};
		FC096DFE22AF288B0038BB7E /* Grove SupportUITests */ = {
			isa = PBXNativeTarget;
			buildConfigurationList = FC096E0E22AF288B0038BB7E /* Build configuration list for PBXNativeTarget "Grove SupportUITests" */;
			buildPhases = (
				30F6AA9901FA587A99F3D75A /* [CP] Check Pods Manifest.lock */,
				FC096DFB22AF288B0038BB7E /* Sources */,
				FC096DFC22AF288B0038BB7E /* Frameworks */,
				FC096DFD22AF288B0038BB7E /* Resources */,
			);
			buildRules = (
			);
			dependencies = (
				FC096E0122AF288B0038BB7E /* PBXTargetDependency */,
			);
			name = "Grove SupportUITests";
			productName = "Grove SupportUITests";
			productReference = FC096DFF22AF288B0038BB7E /* Grove SupportUITests.xctest */;
			productType = "com.apple.product-type.bundle.ui-testing";
		};
/* End PBXNativeTarget section */

/* Begin PBXProject section */
		FC096DD622AF28890038BB7E /* Project object */ = {
			isa = PBXProject;
			attributes = {
				LastSwiftUpdateCheck = 1020;
				LastUpgradeCheck = 1250;
				ORGANIZATIONNAME = Jon;
				TargetAttributes = {
					FC096DDD22AF28890038BB7E = {
						CreatedOnToolsVersion = 10.2.1;
						SystemCapabilities = {
							com.apple.Push = {
								enabled = 1;
							};
						};
					};
					FC096DF322AF288B0038BB7E = {
						CreatedOnToolsVersion = 10.2.1;
						TestTargetID = FC096DDD22AF28890038BB7E;
					};
					FC096DFE22AF288B0038BB7E = {
						CreatedOnToolsVersion = 10.2.1;
						TestTargetID = FC096DDD22AF28890038BB7E;
					};
				};
			};
			buildConfigurationList = FC096DD922AF28890038BB7E /* Build configuration list for PBXProject "Grove Support" */;
			compatibilityVersion = "Xcode 9.3";
			developmentRegion = en;
			hasScannedForEncodings = 0;
			knownRegions = (
				en,
				Base,
			);
			mainGroup = FC096DD522AF28890038BB7E;
			productRefGroup = FC096DDF22AF28890038BB7E /* Products */;
			projectDirPath = "";
			projectRoot = "";
			targets = (
				FC096DDD22AF28890038BB7E /* Grove Support */,
				FC096DF322AF288B0038BB7E /* Grove SupportTests */,
				FC096DFE22AF288B0038BB7E /* Grove SupportUITests */,
			);
		};
/* End PBXProject section */

/* Begin PBXResourcesBuildPhase section */
		FC096DDC22AF28890038BB7E /* Resources */ = {
			isa = PBXResourcesBuildPhase;
			buildActionMask = 2147483647;
			files = (
				FC096DEE22AF288B0038BB7E /* LaunchScreen.storyboard in Resources */,
				FCA3A15E22B5491800F5F3D8 /* reload.html in Resources */,
				FC096DEB22AF288B0038BB7E /* Assets.xcassets in Resources */,
				FCA3A16322B54E9600F5F3D8 /* common.js in Resources */,
				FCA3A16022B54A5E00F5F3D8 /* spinnerbar.gif in Resources */,
				FC096DE922AF28890038BB7E /* Main.storyboard in Resources */,
				FCA3A16522B54EC400F5F3D8 /* common.css in Resources */,
			);
			runOnlyForDeploymentPostprocessing = 0;
		};
		FC096DF222AF288B0038BB7E /* Resources */ = {
			isa = PBXResourcesBuildPhase;
			buildActionMask = 2147483647;
			files = (
			);
			runOnlyForDeploymentPostprocessing = 0;
		};
		FC096DFD22AF288B0038BB7E /* Resources */ = {
			isa = PBXResourcesBuildPhase;
			buildActionMask = 2147483647;
			files = (
			);
			runOnlyForDeploymentPostprocessing = 0;
		};
/* End PBXResourcesBuildPhase section */

/* Begin PBXShellScriptBuildPhase section */
		07C0D854B25CFB464B33E2BB /* [CP] Check Pods Manifest.lock */ = {
			isa = PBXShellScriptBuildPhase;
			buildActionMask = 2147483647;
			files = (
			);
			inputFileListPaths = (
			);
			inputPaths = (
				"${PODS_PODFILE_DIR_PATH}/Podfile.lock",
				"${PODS_ROOT}/Manifest.lock",
			);
			name = "[CP] Check Pods Manifest.lock";
			outputFileListPaths = (
			);
			outputPaths = (
				"$(DERIVED_FILE_DIR)/Pods-Grove Support-checkManifestLockResult.txt",
			);
			runOnlyForDeploymentPostprocessing = 0;
			shellPath = /bin/sh;
			shellScript = "diff \"${PODS_PODFILE_DIR_PATH}/Podfile.lock\" \"${PODS_ROOT}/Manifest.lock\" > /dev/null\nif [ $? != 0 ] ; then\n    # print error to STDERR\n    echo \"error: The sandbox is not in sync with the Podfile.lock. Run 'pod install' or update your CocoaPods installation.\" >&2\n    exit 1\nfi\n# This output is used by Xcode 'outputs' to avoid re-running this script phase.\necho \"SUCCESS\" > \"${SCRIPT_OUTPUT_FILE_0}\"\n";
			showEnvVarsInLog = 0;
		};
		30F6AA9901FA587A99F3D75A /* [CP] Check Pods Manifest.lock */ = {
			isa = PBXShellScriptBuildPhase;
			buildActionMask = 2147483647;
			files = (
			);
			inputFileListPaths = (
			);
			inputPaths = (
				"${PODS_PODFILE_DIR_PATH}/Podfile.lock",
				"${PODS_ROOT}/Manifest.lock",
			);
			name = "[CP] Check Pods Manifest.lock";
			outputFileListPaths = (
			);
			outputPaths = (
				"$(DERIVED_FILE_DIR)/Pods-Grove SupportUITests-checkManifestLockResult.txt",
			);
			runOnlyForDeploymentPostprocessing = 0;
			shellPath = /bin/sh;
			shellScript = "diff \"${PODS_PODFILE_DIR_PATH}/Podfile.lock\" \"${PODS_ROOT}/Manifest.lock\" > /dev/null\nif [ $? != 0 ] ; then\n    # print error to STDERR\n    echo \"error: The sandbox is not in sync with the Podfile.lock. Run 'pod install' or update your CocoaPods installation.\" >&2\n    exit 1\nfi\n# This output is used by Xcode 'outputs' to avoid re-running this script phase.\necho \"SUCCESS\" > \"${SCRIPT_OUTPUT_FILE_0}\"\n";
			showEnvVarsInLog = 0;
		};
		A360BD0512ECBF9538EDB5CB /* [CP] Check Pods Manifest.lock */ = {
			isa = PBXShellScriptBuildPhase;
			buildActionMask = 2147483647;
			files = (
			);
			inputFileListPaths = (
			);
			inputPaths = (
				"${PODS_PODFILE_DIR_PATH}/Podfile.lock",
				"${PODS_ROOT}/Manifest.lock",
			);
			name = "[CP] Check Pods Manifest.lock";
			outputFileListPaths = (
			);
			outputPaths = (
				"$(DERIVED_FILE_DIR)/Pods-Grove SupportTests-checkManifestLockResult.txt",
			);
			runOnlyForDeploymentPostprocessing = 0;
			shellPath = /bin/sh;
			shellScript = "diff \"${PODS_PODFILE_DIR_PATH}/Podfile.lock\" \"${PODS_ROOT}/Manifest.lock\" > /dev/null\nif [ $? != 0 ] ; then\n    # print error to STDERR\n    echo \"error: The sandbox is not in sync with the Podfile.lock. Run 'pod install' or update your CocoaPods installation.\" >&2\n    exit 1\nfi\n# This output is used by Xcode 'outputs' to avoid re-running this script phase.\necho \"SUCCESS\" > \"${SCRIPT_OUTPUT_FILE_0}\"\n";
			showEnvVarsInLog = 0;
		};
/* End PBXShellScriptBuildPhase section */

/* Begin PBXSourcesBuildPhase section */
		FC096DDA22AF28890038BB7E /* Sources */ = {
			isa = PBXSourcesBuildPhase;
			buildActionMask = 2147483647;
			files = (
				FCB21FF222B342EC00EED086 /* FeedItemWebViewController.swift in Sources */,
				FCA3A15A22B4BF5200F5F3D8 /* WebViewController.swift in Sources */,
				FCB21FF322B342EC00EED086 /* FeedListViewController.swift in Sources */,
				FCB21FF422B342EC00EED086 /* XmlParserManager.swift in Sources */,
				FC096DE622AF28890038BB7E /* MapViewController.swift in Sources */,
				FCB21FF622B3DDEF00EED086 /* TopBarViewController.swift in Sources */,
				FCA3A15C22B5486D00F5F3D8 /* TicketViewController.swift in Sources */,
				FC096DE222AF28890038BB7E /* AppDelegate.swift in Sources */,
				FC096E1222B0AABC0038BB7E /* RoundRectButton.swift in Sources */,
				FC096DE422AF28890038BB7E /* HomeViewController.swift in Sources */,
			);
			runOnlyForDeploymentPostprocessing = 0;
		};
		FC096DF022AF288B0038BB7E /* Sources */ = {
			isa = PBXSourcesBuildPhase;
			buildActionMask = 2147483647;
			files = (
				FC096DF922AF288B0038BB7E /* Grove_SupportTests.swift in Sources */,
			);
			runOnlyForDeploymentPostprocessing = 0;
		};
		FC096DFB22AF288B0038BB7E /* Sources */ = {
			isa = PBXSourcesBuildPhase;
			buildActionMask = 2147483647;
			files = (
				FC096E0422AF288B0038BB7E /* Grove_SupportUITests.swift in Sources */,
			);
			runOnlyForDeploymentPostprocessing = 0;
		};
/* End PBXSourcesBuildPhase section */

/* Begin PBXTargetDependency section */
		FC096DF622AF288B0038BB7E /* PBXTargetDependency */ = {
			isa = PBXTargetDependency;
			target = FC096DDD22AF28890038BB7E /* Grove Support */;
			targetProxy = FC096DF522AF288B0038BB7E /* PBXContainerItemProxy */;
		};
		FC096E0122AF288B0038BB7E /* PBXTargetDependency */ = {
			isa = PBXTargetDependency;
			target = FC096DDD22AF28890038BB7E /* Grove Support */;
			targetProxy = FC096E0022AF288B0038BB7E /* PBXContainerItemProxy */;
		};
/* End PBXTargetDependency section */

/* Begin PBXVariantGroup section */
		FC096DE722AF28890038BB7E /* Main.storyboard */ = {
			isa = PBXVariantGroup;
			children = (
				FC096DE822AF28890038BB7E /* Base */,
			);
			name = Main.storyboard;
			sourceTree = "<group>";
		};
		FC096DEC22AF288B0038BB7E /* LaunchScreen.storyboard */ = {
			isa = PBXVariantGroup;
			children = (
				FC096DED22AF288B0038BB7E /* Base */,
			);
			name = LaunchScreen.storyboard;
			sourceTree = "<group>";
		};
/* End PBXVariantGroup section */

/* Begin XCBuildConfiguration section */
		FC096E0622AF288B0038BB7E /* Debug */ = {
			isa = XCBuildConfiguration;
			buildSettings = {
				ALWAYS_SEARCH_USER_PATHS = NO;
				CLANG_ANALYZER_NONNULL = YES;
				CLANG_ANALYZER_NUMBER_OBJECT_CONVERSION = YES_AGGRESSIVE;
				CLANG_CXX_LANGUAGE_STANDARD = "gnu++14";
				CLANG_CXX_LIBRARY = "libc++";
				CLANG_ENABLE_MODULES = YES;
				CLANG_ENABLE_OBJC_ARC = YES;
				CLANG_ENABLE_OBJC_WEAK = YES;
				CLANG_WARN_BLOCK_CAPTURE_AUTORELEASING = YES;
				CLANG_WARN_BOOL_CONVERSION = YES;
				CLANG_WARN_COMMA = YES;
				CLANG_WARN_CONSTANT_CONVERSION = YES;
				CLANG_WARN_DEPRECATED_OBJC_IMPLEMENTATIONS = YES;
				CLANG_WARN_DIRECT_OBJC_ISA_USAGE = YES_ERROR;
				CLANG_WARN_DOCUMENTATION_COMMENTS = YES;
				CLANG_WARN_EMPTY_BODY = YES;
				CLANG_WARN_ENUM_CONVERSION = YES;
				CLANG_WARN_INFINITE_RECURSION = YES;
				CLANG_WARN_INT_CONVERSION = YES;
				CLANG_WARN_NON_LITERAL_NULL_CONVERSION = YES;
				CLANG_WARN_OBJC_IMPLICIT_RETAIN_SELF = YES;
				CLANG_WARN_OBJC_LITERAL_CONVERSION = YES;
				CLANG_WARN_OBJC_ROOT_CLASS = YES_ERROR;
				CLANG_WARN_QUOTED_INCLUDE_IN_FRAMEWORK_HEADER = YES;
				CLANG_WARN_RANGE_LOOP_ANALYSIS = YES;
				CLANG_WARN_STRICT_PROTOTYPES = YES;
				CLANG_WARN_SUSPICIOUS_MOVE = YES;
				CLANG_WARN_UNGUARDED_AVAILABILITY = YES_AGGRESSIVE;
				CLANG_WARN_UNREACHABLE_CODE = YES;
				CLANG_WARN__DUPLICATE_METHOD_MATCH = YES;
				CODE_SIGN_IDENTITY = "iPhone Developer";
				COPY_PHASE_STRIP = NO;
				DEBUG_INFORMATION_FORMAT = dwarf;
				ENABLE_STRICT_OBJC_MSGSEND = YES;
				ENABLE_TESTABILITY = YES;
				GCC_C_LANGUAGE_STANDARD = gnu11;
				GCC_DYNAMIC_NO_PIC = NO;
				GCC_NO_COMMON_BLOCKS = YES;
				GCC_OPTIMIZATION_LEVEL = 0;
				GCC_PREPROCESSOR_DEFINITIONS = (
					"DEBUG=1",
					"$(inherited)",
				);
				GCC_WARN_64_TO_32_BIT_CONVERSION = YES;
				GCC_WARN_ABOUT_RETURN_TYPE = YES_ERROR;
				GCC_WARN_UNDECLARED_SELECTOR = YES;
				GCC_WARN_UNINITIALIZED_AUTOS = YES_AGGRESSIVE;
				GCC_WARN_UNUSED_FUNCTION = YES;
				GCC_WARN_UNUSED_VARIABLE = YES;
				IPHONEOS_DEPLOYMENT_TARGET = 12.1;
				MTL_ENABLE_DEBUG_INFO = INCLUDE_SOURCE;
				MTL_FAST_MATH = YES;
				ONLY_ACTIVE_ARCH = YES;
				SDKROOT = iphoneos;
				SWIFT_ACTIVE_COMPILATION_CONDITIONS = DEBUG;
				SWIFT_OPTIMIZATION_LEVEL = "-Onone";
			};
			name = Debug;
		};
		FC096E0722AF288B0038BB7E /* Release */ = {
			isa = XCBuildConfiguration;
			buildSettings = {
				ALWAYS_SEARCH_USER_PATHS = NO;
				CLANG_ANALYZER_NONNULL = YES;
				CLANG_ANALYZER_NUMBER_OBJECT_CONVERSION = YES_AGGRESSIVE;
				CLANG_CXX_LANGUAGE_STANDARD = "gnu++14";
				CLANG_CXX_LIBRARY = "libc++";
				CLANG_ENABLE_MODULES = YES;
				CLANG_ENABLE_OBJC_ARC = YES;
				CLANG_ENABLE_OBJC_WEAK = YES;
				CLANG_WARN_BLOCK_CAPTURE_AUTORELEASING = YES;
				CLANG_WARN_BOOL_CONVERSION = YES;
				CLANG_WARN_COMMA = YES;
				CLANG_WARN_CONSTANT_CONVERSION = YES;
				CLANG_WARN_DEPRECATED_OBJC_IMPLEMENTATIONS = YES;
				CLANG_WARN_DIRECT_OBJC_ISA_USAGE = YES_ERROR;
				CLANG_WARN_DOCUMENTATION_COMMENTS = YES;
				CLANG_WARN_EMPTY_BODY = YES;
				CLANG_WARN_ENUM_CONVERSION = YES;
				CLANG_WARN_INFINITE_RECURSION = YES;
				CLANG_WARN_INT_CONVERSION = YES;
				CLANG_WARN_NON_LITERAL_NULL_CONVERSION = YES;
				CLANG_WARN_OBJC_IMPLICIT_RETAIN_SELF = YES;
				CLANG_WARN_OBJC_LITERAL_CONVERSION = YES;
				CLANG_WARN_OBJC_ROOT_CLASS = YES_ERROR;
				CLANG_WARN_QUOTED_INCLUDE_IN_FRAMEWORK_HEADER = YES;
				CLANG_WARN_RANGE_LOOP_ANALYSIS = YES;
				CLANG_WARN_STRICT_PROTOTYPES = YES;
				CLANG_WARN_SUSPICIOUS_MOVE = YES;
				CLANG_WARN_UNGUARDED_AVAILABILITY = YES_AGGRESSIVE;
				CLANG_WARN_UNREACHABLE_CODE = YES;
				CLANG_WARN__DUPLICATE_METHOD_MATCH = YES;
				CODE_SIGN_IDENTITY = "iPhone Developer";
				COPY_PHASE_STRIP = NO;
				DEBUG_INFORMATION_FORMAT = "dwarf-with-dsym";
				ENABLE_NS_ASSERTIONS = NO;
				ENABLE_STRICT_OBJC_MSGSEND = YES;
				GCC_C_LANGUAGE_STANDARD = gnu11;
				GCC_NO_COMMON_BLOCKS = YES;
				GCC_WARN_64_TO_32_BIT_CONVERSION = YES;
				GCC_WARN_ABOUT_RETURN_TYPE = YES_ERROR;
				GCC_WARN_UNDECLARED_SELECTOR = YES;
				GCC_WARN_UNINITIALIZED_AUTOS = YES_AGGRESSIVE;
				GCC_WARN_UNUSED_FUNCTION = YES;
				GCC_WARN_UNUSED_VARIABLE = YES;
				IPHONEOS_DEPLOYMENT_TARGET = 12.1;
				MTL_ENABLE_DEBUG_INFO = NO;
				MTL_FAST_MATH = YES;
				SDKROOT = iphoneos;
				SWIFT_COMPILATION_MODE = wholemodule;
				SWIFT_OPTIMIZATION_LEVEL = "-O";
				VALIDATE_PRODUCT = YES;
			};
			name = Release;
		};
		FC096E0922AF288B0038BB7E /* Debug */ = {
			isa = XCBuildConfiguration;
			baseConfigurationReference = 7D61C0DCA196E3D3722F9303 /* Pods-Grove Support.debug.xcconfig */;
			buildSettings = {
				ASSETCATALOG_COMPILER_APPICON_NAME = AppIcon;
				CODE_SIGN_ENTITLEMENTS = "Grove Support/Grove Support.entitlements";
				CODE_SIGN_STYLE = Automatic;
				CURRENT_PROJECT_VERSION = 13.2.0;
				DEVELOPMENT_TEAM = 2D4Z7WQ7RS;
				INFOPLIST_FILE = "Grove Support/Info.plist";
				IPHONEOS_DEPLOYMENT_TARGET = 12.1;
				LD_RUNPATH_SEARCH_PATHS = (
					"$(inherited)",
					"@executable_path/Frameworks",
				);
				MARKETING_VERSION = 13.2.0;
				PRODUCT_BUNDLE_IDENTIFIER = "jdb.Mac-Support";
				PRODUCT_NAME = "$(TARGET_NAME)";
				SWIFT_VERSION = 5.0;
				TARGETED_DEVICE_FAMILY = 1;
			};
			name = Debug;
		};
		FC096E0A22AF288B0038BB7E /* Release */ = {
			isa = XCBuildConfiguration;
			baseConfigurationReference = CC9CBE950523A6BCB5F2C397 /* Pods-Grove Support.release.xcconfig */;
			buildSettings = {
				ASSETCATALOG_COMPILER_APPICON_NAME = AppIcon;
				CODE_SIGN_ENTITLEMENTS = "Grove Support/Grove Support.entitlements";
				CODE_SIGN_STYLE = Automatic;
				CURRENT_PROJECT_VERSION = 13.2.0;
				DEVELOPMENT_TEAM = 2D4Z7WQ7RS;
				INFOPLIST_FILE = "Grove Support/Info.plist";
				IPHONEOS_DEPLOYMENT_TARGET = 12.1;
				LD_RUNPATH_SEARCH_PATHS = (
					"$(inherited)",
					"@executable_path/Frameworks",
				);
				MARKETING_VERSION = 13.2.0;
				PRODUCT_BUNDLE_IDENTIFIER = "jdb.Mac-Support";
				PRODUCT_NAME = "$(TARGET_NAME)";
				SWIFT_VERSION = 5.0;
				TARGETED_DEVICE_FAMILY = 1;
			};
			name = Release;
		};
		FC096E0C22AF288B0038BB7E /* Debug */ = {
			isa = XCBuildConfiguration;
			baseConfigurationReference = 2E90622C05A7EA1820409D7D /* Pods-Grove SupportTests.debug.xcconfig */;
			buildSettings = {
				ALWAYS_EMBED_SWIFT_STANDARD_LIBRARIES = YES;
				BUNDLE_LOADER = "$(TEST_HOST)";
				CODE_SIGN_STYLE = Automatic;
				DEVELOPMENT_TEAM = 2D4Z7WQ7RS;
				INFOPLIST_FILE = "Grove SupportTests/Info.plist";
				LD_RUNPATH_SEARCH_PATHS = (
					"$(inherited)",
					"@executable_path/Frameworks",
					"@loader_path/Frameworks",
				);
				PRODUCT_BUNDLE_IDENTIFIER = "com.grovetech.co.Grove-SupportTests";
				PRODUCT_NAME = "$(TARGET_NAME)";
				SWIFT_VERSION = 5.0;
				TARGETED_DEVICE_FAMILY = "1,2";
				TEST_HOST = "$(BUILT_PRODUCTS_DIR)/Grove Support.app/Grove Support";
			};
			name = Debug;
		};
		FC096E0D22AF288B0038BB7E /* Release */ = {
			isa = XCBuildConfiguration;
			baseConfigurationReference = 59BC0A0207321DED68D665FE /* Pods-Grove SupportTests.release.xcconfig */;
			buildSettings = {
				ALWAYS_EMBED_SWIFT_STANDARD_LIBRARIES = YES;
				BUNDLE_LOADER = "$(TEST_HOST)";
				CODE_SIGN_STYLE = Automatic;
				DEVELOPMENT_TEAM = 2D4Z7WQ7RS;
				INFOPLIST_FILE = "Grove SupportTests/Info.plist";
				LD_RUNPATH_SEARCH_PATHS = (
					"$(inherited)",
					"@executable_path/Frameworks",
					"@loader_path/Frameworks",
				);
				PRODUCT_BUNDLE_IDENTIFIER = "com.grovetech.co.Grove-SupportTests";
				PRODUCT_NAME = "$(TARGET_NAME)";
				SWIFT_VERSION = 5.0;
				TARGETED_DEVICE_FAMILY = "1,2";
				TEST_HOST = "$(BUILT_PRODUCTS_DIR)/Grove Support.app/Grove Support";
			};
			name = Release;
		};
		FC096E0F22AF288B0038BB7E /* Debug */ = {
			isa = XCBuildConfiguration;
			baseConfigurationReference = C8A54D37C0F837CD85FC7BF5 /* Pods-Grove SupportUITests.debug.xcconfig */;
			buildSettings = {
				ALWAYS_EMBED_SWIFT_STANDARD_LIBRARIES = YES;
				CODE_SIGN_STYLE = Automatic;
				DEVELOPMENT_TEAM = 2D4Z7WQ7RS;
				INFOPLIST_FILE = "Grove SupportUITests/Info.plist";
				LD_RUNPATH_SEARCH_PATHS = (
					"$(inherited)",
					"@executable_path/Frameworks",
					"@loader_path/Frameworks",
				);
				PRODUCT_BUNDLE_IDENTIFIER = "com.grovetech.co.Grove-SupportUITests";
				PRODUCT_NAME = "$(TARGET_NAME)";
				SWIFT_VERSION = 5.0;
				TARGETED_DEVICE_FAMILY = "1,2";
				TEST_TARGET_NAME = "Grove Support";
			};
			name = Debug;
		};
		FC096E1022AF288B0038BB7E /* Release */ = {
			isa = XCBuildConfiguration;
			baseConfigurationReference = 8BC3003547465B6689B046D8 /* Pods-Grove SupportUITests.release.xcconfig */;
			buildSettings = {
				ALWAYS_EMBED_SWIFT_STANDARD_LIBRARIES = YES;
				CODE_SIGN_STYLE = Automatic;
				DEVELOPMENT_TEAM = 2D4Z7WQ7RS;
				INFOPLIST_FILE = "Grove SupportUITests/Info.plist";
				LD_RUNPATH_SEARCH_PATHS = (
					"$(inherited)",
					"@executable_path/Frameworks",
					"@loader_path/Frameworks",
				);
				PRODUCT_BUNDLE_IDENTIFIER = "com.grovetech.co.Grove-SupportUITests";
				PRODUCT_NAME = "$(TARGET_NAME)";
				SWIFT_VERSION = 5.0;
				TARGETED_DEVICE_FAMILY = "1,2";
				TEST_TARGET_NAME = "Grove Support";
			};
			name = Release;
		};
/* End XCBuildConfiguration section */

/* Begin XCConfigurationList section */
		FC096DD922AF28890038BB7E /* Build configuration list for PBXProject "Grove Support" */ = {
			isa = XCConfigurationList;
			buildConfigurations = (
				FC096E0622AF288B0038BB7E /* Debug */,
				FC096E0722AF288B0038BB7E /* Release */,
			);
			defaultConfigurationIsVisible = 0;
			defaultConfigurationName = Release;
		};
		FC096E0822AF288B0038BB7E /* Build configuration list for PBXNativeTarget "Grove Support" */ = {
			isa = XCConfigurationList;
			buildConfigurations = (
				FC096E0922AF288B0038BB7E /* Debug */,
				FC096E0A22AF288B0038BB7E /* Release */,
			);
			defaultConfigurationIsVisible = 0;
			defaultConfigurationName = Release;
		};
		FC096E0B22AF288B0038BB7E /* Build configuration list for PBXNativeTarget "Grove SupportTests" */ = {
			isa = XCConfigurationList;
			buildConfigurations = (
				FC096E0C22AF288B0038BB7E /* Debug */,
				FC096E0D22AF288B0038BB7E /* Release */,
			);
			defaultConfigurationIsVisible = 0;
			defaultConfigurationName = Release;
		};
		FC096E0E22AF288B0038BB7E /* Build configuration list for PBXNativeTarget "Grove SupportUITests" */ = {
			isa = XCConfigurationList;
			buildConfigurations = (
				FC096E0F22AF288B0038BB7E /* Debug */,
				FC096E1022AF288B0038BB7E /* Release */,
			);
			defaultConfigurationIsVisible = 0;
			defaultConfigurationName = Release;
		};
/* End XCConfigurationList section */
	};
	rootObject = FC096DD622AF28890038BB7E /* Project object */;
}
