PODS:
  - Pushwoosh (5.15.0):
    - Pushwoosh/Core (= 5.15.0)
  - Pushwoosh/Core (5.15.0)

DEPENDENCIES:
  - Pushwoosh

SPEC REPOS:
  https://github.com/cocoapods/specs.git:
    - Pushwoosh

SPEC CHECKSUMS:
  Pushwoosh: 352e876bc57c34cc2f1edad36c00a72b2e8bfb0f

PODFILE CHECKSUM: 4e811ac078f2367759661461d00a96510c8932f7

COCOAPODS: 1.7.1
